
Microsoft Visual Studio Solution File, Format Version 12.00
# Visual Studio 2012
Project("{FAE04EC0-301F-11D3-BF4B-00C04F79EFBC}") = "TestSparrow", "TestSparrow\TestSparrow.csproj", "{695D5133-C8BA-4559-B9D7-B9AEB8838F71}"
EndProject
Project("{FAE04EC0-301F-11D3-BF4B-00C04F79EFBC}") = "Communication", "Communication\Communication.csproj", "{D3603EA2-5955-45C1-B51F-F2EA8253B5E1}"
EndProject
Project("{FAE04EC0-301F-11D3-BF4B-00C04F79EFBC}") = "Common", "Common\Common.csproj", "{49BE31DE-118F-4ADF-B2BC-9BC1B1075663}"
EndProject
Project("{FAE04EC0-301F-11D3-BF4B-00C04F79EFBC}") = "Server", "Server\Server.csproj", "{90838728-52FC-4A7C-A67B-14E9380F204A}"
EndProject
Project("{FAE04EC0-301F-11D3-BF4B-00C04F79EFBC}") = "Client", "Client\Client.csproj", "{AF45AC5F-341C-409D-8508-61A5DFF9405A}"
EndProject
Global
	GlobalSection(SolutionConfigurationPlatforms) = preSolution
		Debug|Any CPU = Debug|Any CPU
		Release|Any CPU = Release|Any CPU
	EndGlobalSection
	GlobalSection(ProjectConfigurationPlatforms) = postSolution
		{695D5133-C8BA-4559-B9D7-B9AEB8838F71}.Debug|Any CPU.ActiveCfg = Debug|Any CPU
		{695D5133-C8BA-4559-B9D7-B9AEB8838F71}.Debug|Any CPU.Build.0 = Debug|Any CPU
		{695D5133-C8BA-4559-B9D7-B9AEB8838F71}.Release|Any CPU.ActiveCfg = Release|Any CPU
		{695D5133-C8BA-4559-B9D7-B9AEB8838F71}.Release|Any CPU.Build.0 = Release|Any CPU
		{D3603EA2-5955-45C1-B51F-F2EA8253B5E1}.Debug|Any CPU.ActiveCfg = Debug|Any CPU
		{D3603EA2-5955-45C1-B51F-F2EA8253B5E1}.Debug|Any CPU.Build.0 = Debug|Any CPU
		{D3603EA2-5955-45C1-B51F-F2EA8253B5E1}.Release|Any CPU.ActiveCfg = Release|Any CPU
		{D3603EA2-5955-45C1-B51F-F2EA8253B5E1}.Release|Any CPU.Build.0 = Release|Any CPU
		{49BE31DE-118F-4ADF-B2BC-9BC1B1075663}.Debug|Any CPU.ActiveCfg = Debug|Any CPU
		{49BE31DE-118F-4ADF-B2BC-9BC1B1075663}.Debug|Any CPU.Build.0 = Debug|Any CPU
		{49BE31DE-118F-4ADF-B2BC-9BC1B1075663}.Release|Any CPU.ActiveCfg = Release|Any CPU
		{49BE31DE-118F-4ADF-B2BC-9BC1B1075663}.Release|Any CPU.Build.0 = Release|Any CPU
		{90838728-52FC-4A7C-A67B-14E9380F204A}.Debug|Any CPU.ActiveCfg = Debug|Any CPU
		{90838728-52FC-4A7C-A67B-14E9380F204A}.Debug|Any CPU.Build.0 = Debug|Any CPU
		{90838728-52FC-4A7C-A67B-14E9380F204A}.Release|Any CPU.ActiveCfg = Release|Any CPU
		{90838728-52FC-4A7C-A67B-14E9380F204A}.Release|Any CPU.Build.0 = Release|Any CPU
		{AF45AC5F-341C-409D-8508-61A5DFF9405A}.Debug|Any CPU.ActiveCfg = Debug|Any CPU
		{AF45AC5F-341C-409D-8508-61A5DFF9405A}.Debug|Any CPU.Build.0 = Debug|Any CPU
		{AF45AC5F-341C-409D-8508-61A5DFF9405A}.Release|Any CPU.ActiveCfg = Release|Any CPU
		{AF45AC5F-341C-409D-8508-61A5DFF9405A}.Release|Any CPU.Build.0 = Release|Any CPU
	EndGlobalSection
	GlobalSection(SolutionProperties) = preSolution
		HideSolutionNode = FALSE
	EndGlobalSection
EndGlobal
